
Microsoft Visual Studio Solution File, Format Version 12.00
# Visual Studio Version 17
VisualStudioVersion = 17.8.34511.84
MinimumVisualStudioVersion = 10.0.40219.1
Project("{FAE04EC0-301F-11D3-BF4B-00C04F79EFBC}") = "UserControlAssignment", "UserControlAssignment\UserControlAssignment.csproj", "{D1E8006B-DC43-48C5-B58A-BF505ED42504}"
EndProject
Project("{FAE04EC0-301F-11D3-BF4B-00C04F79EFBC}") = "UserControlAssignment.Util", "UserControlAssignment.Util\UserControlAssignment.Util.csproj", "{A070A330-ED55-4694-973A-B340F07F519C}"
EndProject
Global
	GlobalSection(SolutionConfigurationPlatforms) = preSolution
		Debug|Any CPU = Debug|Any CPU
		Release|Any CPU = Release|Any CPU
	EndGlobalSection
	GlobalSection(ProjectConfigurationPlatforms) = postSolution
		{D1E8006B-DC43-48C5-B58A-BF505ED42504}.Debug|Any CPU.ActiveCfg = Debug|Any CPU
		{D1E8006B-DC43-48C5-B58A-BF505ED42504}.Debug|Any CPU.Build.0 = Debug|Any CPU
		{D1E8006B-DC43-48C5-B58A-BF505ED42504}.Release|Any CPU.ActiveCfg = Release|Any CPU
		{D1E8006B-DC43-48C5-B58A-BF505ED42504}.Release|Any CPU.Build.0 = Release|Any CPU
		{A070A330-ED55-4694-973A-B340F07F519C}.Debug|Any CPU.ActiveCfg = Debug|Any CPU
		{A070A330-ED55-4694-973A-B340F07F519C}.Debug|Any CPU.Build.0 = Debug|Any CPU
		{A070A330-ED55-4694-973A-B340F07F519C}.Release|Any CPU.ActiveCfg = Release|Any CPU
		{A070A330-ED55-4694-973A-B340F07F519C}.Release|Any CPU.Build.0 = Release|Any CPU
	EndGlobalSection
	GlobalSection(SolutionProperties) = preSolution
		HideSolutionNode = FALSE
	EndGlobalSection
	GlobalSection(ExtensibilityGlobals) = postSolution
		SolutionGuid = {06C25D47-42FA-4539-BD4D-2BDF0855617E}
	EndGlobalSection
EndGlobal
