
Microsoft Visual Studio Solution File, Format Version 12.00
# Visual Studio Version 17
VisualStudioVersion = 17.8.34511.84
MinimumVisualStudioVersion = 10.0.40219.1
Project("{FAE04EC0-301F-11D3-BF4B-00C04F79EFBC}") = "Assignment_EntityFramework", "Assignment_EntityFramework\Assignment_EntityFramework.csproj", "{280A8545-0D3F-48C6-8A1C-D7C28B46ADE2}"
EndProject
Global
	GlobalSection(SolutionConfigurationPlatforms) = preSolution
		Debug|Any CPU = Debug|Any CPU
		Release|Any CPU = Release|Any CPU
	EndGlobalSection
	GlobalSection(ProjectConfigurationPlatforms) = postSolution
		{280A8545-0D3F-48C6-8A1C-D7C28B46ADE2}.Debug|Any CPU.ActiveCfg = Debug|Any CPU
		{280A8545-0D3F-48C6-8A1C-D7C28B46ADE2}.Debug|Any CPU.Build.0 = Debug|Any CPU
		{280A8545-0D3F-48C6-8A1C-D7C28B46ADE2}.Release|Any CPU.ActiveCfg = Release|Any CPU
		{280A8545-0D3F-48C6-8A1C-D7C28B46ADE2}.Release|Any CPU.Build.0 = Release|Any CPU
	EndGlobalSection
	GlobalSection(SolutionProperties) = preSolution
		HideSolutionNode = FALSE
	EndGlobalSection
	GlobalSection(ExtensibilityGlobals) = postSolution
		SolutionGuid = {C95BAD32-56E3-44C7-B7D4-81C81D437FAA}
	EndGlobalSection
EndGlobal
