
Microsoft Visual Studio Solution File, Format Version 12.00
# Visual Studio Version 17
VisualStudioVersion = 17.8.34511.84
MinimumVisualStudioVersion = 10.0.40219.1
Project("{FAE04EC0-301F-11D3-BF4B-00C04F79EFBC}") = "AirportFuelInventory", "AirportFuelInventory\AirportFuelInventory.csproj", "{91677E6A-4145-4592-BDD1-E8C06F16D716}"
EndProject
Project("{FAE04EC0-301F-11D3-BF4B-00C04F79EFBC}") = "AirportFuelInventory.Business", "AirportFuelInventory.Business\AirportFuelInventory.Business.csproj", "{A6588406-AEE4-4A1A-AFEC-CDE4F0DEB899}"
EndProject
Project("{FAE04EC0-301F-11D3-BF4B-00C04F79EFBC}") = "AirportFuelInventory.DataAccess", "AirportFuelInventory.DataAccess\AirportFuelInventory.DataAccess.csproj", "{274682E5-6BF9-4880-BCD5-156FEEDCDB7D}"
EndProject
Project("{FAE04EC0-301F-11D3-BF4B-00C04F79EFBC}") = "AirportFuelInventory.Utils", "AirportFuelInventory.Utils\AirportFuelInventory.Utils.csproj", "{0204A7F5-B953-44B3-9372-4B701FFB3B1B}"
EndProject
Project("{FAE04EC0-301F-11D3-BF4B-00C04F79EFBC}") = "AirportFuelInventory.Models", "AirportFuelInventory.Models\AirportFuelInventory.Models.csproj", "{62CC34F0-E980-4D10-B4EB-2F12A5D48874}"
EndProject
Project("{FAE04EC0-301F-11D3-BF4B-00C04F79EFBC}") = "AirportFuelInventory.Test", "AirportFuelInventory.Test\AirportFuelInventory.Test.csproj", "{7D220A13-18FC-4F99-BDF4-DBD170653C93}"
EndProject
Global
	GlobalSection(SolutionConfigurationPlatforms) = preSolution
		Debug|Any CPU = Debug|Any CPU
		Release|Any CPU = Release|Any CPU
	EndGlobalSection
	GlobalSection(ProjectConfigurationPlatforms) = postSolution
		{91677E6A-4145-4592-BDD1-E8C06F16D716}.Debug|Any CPU.ActiveCfg = Debug|Any CPU
		{91677E6A-4145-4592-BDD1-E8C06F16D716}.Debug|Any CPU.Build.0 = Debug|Any CPU
		{91677E6A-4145-4592-BDD1-E8C06F16D716}.Release|Any CPU.ActiveCfg = Release|Any CPU
		{91677E6A-4145-4592-BDD1-E8C06F16D716}.Release|Any CPU.Build.0 = Release|Any CPU
		{A6588406-AEE4-4A1A-AFEC-CDE4F0DEB899}.Debug|Any CPU.ActiveCfg = Debug|Any CPU
		{A6588406-AEE4-4A1A-AFEC-CDE4F0DEB899}.Debug|Any CPU.Build.0 = Debug|Any CPU
		{A6588406-AEE4-4A1A-AFEC-CDE4F0DEB899}.Release|Any CPU.ActiveCfg = Release|Any CPU
		{A6588406-AEE4-4A1A-AFEC-CDE4F0DEB899}.Release|Any CPU.Build.0 = Release|Any CPU
		{274682E5-6BF9-4880-BCD5-156FEEDCDB7D}.Debug|Any CPU.ActiveCfg = Debug|Any CPU
		{274682E5-6BF9-4880-BCD5-156FEEDCDB7D}.Debug|Any CPU.Build.0 = Debug|Any CPU
		{274682E5-6BF9-4880-BCD5-156FEEDCDB7D}.Release|Any CPU.ActiveCfg = Release|Any CPU
		{274682E5-6BF9-4880-BCD5-156FEEDCDB7D}.Release|Any CPU.Build.0 = Release|Any CPU
		{0204A7F5-B953-44B3-9372-4B701FFB3B1B}.Debug|Any CPU.ActiveCfg = Debug|Any CPU
		{0204A7F5-B953-44B3-9372-4B701FFB3B1B}.Debug|Any CPU.Build.0 = Debug|Any CPU
		{0204A7F5-B953-44B3-9372-4B701FFB3B1B}.Release|Any CPU.ActiveCfg = Release|Any CPU
		{0204A7F5-B953-44B3-9372-4B701FFB3B1B}.Release|Any CPU.Build.0 = Release|Any CPU
		{62CC34F0-E980-4D10-B4EB-2F12A5D48874}.Debug|Any CPU.ActiveCfg = Debug|Any CPU
		{62CC34F0-E980-4D10-B4EB-2F12A5D48874}.Debug|Any CPU.Build.0 = Debug|Any CPU
		{62CC34F0-E980-4D10-B4EB-2F12A5D48874}.Release|Any CPU.ActiveCfg = Release|Any CPU
		{62CC34F0-E980-4D10-B4EB-2F12A5D48874}.Release|Any CPU.Build.0 = Release|Any CPU
		{7D220A13-18FC-4F99-BDF4-DBD170653C93}.Debug|Any CPU.ActiveCfg = Debug|Any CPU
		{7D220A13-18FC-4F99-BDF4-DBD170653C93}.Debug|Any CPU.Build.0 = Debug|Any CPU
		{7D220A13-18FC-4F99-BDF4-DBD170653C93}.Release|Any CPU.ActiveCfg = Release|Any CPU
		{7D220A13-18FC-4F99-BDF4-DBD170653C93}.Release|Any CPU.Build.0 = Release|Any CPU
	EndGlobalSection
	GlobalSection(SolutionProperties) = preSolution
		HideSolutionNode = FALSE
	EndGlobalSection
	GlobalSection(ExtensibilityGlobals) = postSolution
		SolutionGuid = {A8F394CF-B261-408A-A9A9-60F2EC81DFC0}
	EndGlobalSection
EndGlobal
