
Microsoft Visual Studio Solution File, Format Version 12.00
# Visual Studio Version 17
VisualStudioVersion = 17.8.34511.84
MinimumVisualStudioVersion = 10.0.40219.1
Project("{FAE04EC0-301F-11D3-BF4B-00C04F79EFBC}") = "WebApplication1", "WebApplication1\WebApplication1.csproj", "{88B25F5A-258F-43DD-8B93-A6AC7FC08640}"
EndProject
Global
	GlobalSection(SolutionConfigurationPlatforms) = preSolution
		Debug|Any CPU = Debug|Any CPU
		Release|Any CPU = Release|Any CPU
	EndGlobalSection
	GlobalSection(ProjectConfigurationPlatforms) = postSolution
		{88B25F5A-258F-43DD-8B93-A6AC7FC08640}.Debug|Any CPU.ActiveCfg = Debug|Any CPU
		{88B25F5A-258F-43DD-8B93-A6AC7FC08640}.Debug|Any CPU.Build.0 = Debug|Any CPU
		{88B25F5A-258F-43DD-8B93-A6AC7FC08640}.Release|Any CPU.ActiveCfg = Release|Any CPU
		{88B25F5A-258F-43DD-8B93-A6AC7FC08640}.Release|Any CPU.Build.0 = Release|Any CPU
	EndGlobalSection
	GlobalSection(SolutionProperties) = preSolution
		HideSolutionNode = FALSE
	EndGlobalSection
	GlobalSection(ExtensibilityGlobals) = postSolution
		SolutionGuid = {D21D0E78-2ADB-43A9-A721-9B5078281085}
	EndGlobalSection
EndGlobal
