
Microsoft Visual Studio Solution File, Format Version 12.00
# Visual Studio Version 17
VisualStudioVersion = 17.8.34511.84
MinimumVisualStudioVersion = 10.0.40219.1
Project("{FAE04EC0-301F-11D3-BF4B-00C04F79EFBC}") = "ProjectStudentDetailsMultipleLayer", "ProjectStudentDetailsMultipleLayer\ProjectStudentDetailsMultipleLayer.csproj", "{37426AA9-2250-4A3E-BFF8-B9B92C04339A}"
EndProject
Project("{FAE04EC0-301F-11D3-BF4B-00C04F79EFBC}") = "ProjectStudentDetailsMultipleLayer.DataAccess", "ProjectStudentDetailsMultipleLayer.DataAccess\ProjectStudentDetailsMultipleLayer.DataAccess.csproj", "{3A92F31B-A3D4-4AF2-A561-9DB053148141}"
EndProject
Project("{FAE04EC0-301F-11D3-BF4B-00C04F79EFBC}") = "ProjectStudentDetailsMultipleLayer.BusinessLogic", "ProjectStudentDetailsMultipleLayer.BusinessLogic\ProjectStudentDetailsMultipleLayer.BusinessLogic.csproj", "{02E443F5-FD05-42E5-9F5E-080ADFB19474}"
EndProject
Project("{FAE04EC0-301F-11D3-BF4B-00C04F79EFBC}") = "ProjectStudentDetailsMultipleLayer.Util", "ProjectStudentDetailsMultipleLayer.Util\ProjectStudentDetailsMultipleLayer.Util.csproj", "{BCCDA793-DF13-4B1A-9864-34D4F6872D7A}"
EndProject
Project("{FAE04EC0-301F-11D3-BF4B-00C04F79EFBC}") = "ProjectStudentDetailsMultipleLayer.Models", "ProjectStudentDetailsMultipleLayer.Models\ProjectStudentDetailsMultipleLayer.Models.csproj", "{C96B30DA-9CB3-4295-A28D-76D0989EED52}"
EndProject
Global
	GlobalSection(SolutionConfigurationPlatforms) = preSolution
		Debug|Any CPU = Debug|Any CPU
		Release|Any CPU = Release|Any CPU
	EndGlobalSection
	GlobalSection(ProjectConfigurationPlatforms) = postSolution
		{37426AA9-2250-4A3E-BFF8-B9B92C04339A}.Debug|Any CPU.ActiveCfg = Debug|Any CPU
		{37426AA9-2250-4A3E-BFF8-B9B92C04339A}.Debug|Any CPU.Build.0 = Debug|Any CPU
		{37426AA9-2250-4A3E-BFF8-B9B92C04339A}.Release|Any CPU.ActiveCfg = Release|Any CPU
		{37426AA9-2250-4A3E-BFF8-B9B92C04339A}.Release|Any CPU.Build.0 = Release|Any CPU
		{3A92F31B-A3D4-4AF2-A561-9DB053148141}.Debug|Any CPU.ActiveCfg = Debug|Any CPU
		{3A92F31B-A3D4-4AF2-A561-9DB053148141}.Debug|Any CPU.Build.0 = Debug|Any CPU
		{3A92F31B-A3D4-4AF2-A561-9DB053148141}.Release|Any CPU.ActiveCfg = Release|Any CPU
		{3A92F31B-A3D4-4AF2-A561-9DB053148141}.Release|Any CPU.Build.0 = Release|Any CPU
		{02E443F5-FD05-42E5-9F5E-080ADFB19474}.Debug|Any CPU.ActiveCfg = Debug|Any CPU
		{02E443F5-FD05-42E5-9F5E-080ADFB19474}.Debug|Any CPU.Build.0 = Debug|Any CPU
		{02E443F5-FD05-42E5-9F5E-080ADFB19474}.Release|Any CPU.ActiveCfg = Release|Any CPU
		{02E443F5-FD05-42E5-9F5E-080ADFB19474}.Release|Any CPU.Build.0 = Release|Any CPU
		{BCCDA793-DF13-4B1A-9864-34D4F6872D7A}.Debug|Any CPU.ActiveCfg = Debug|Any CPU
		{BCCDA793-DF13-4B1A-9864-34D4F6872D7A}.Debug|Any CPU.Build.0 = Debug|Any CPU
		{BCCDA793-DF13-4B1A-9864-34D4F6872D7A}.Release|Any CPU.ActiveCfg = Release|Any CPU
		{BCCDA793-DF13-4B1A-9864-34D4F6872D7A}.Release|Any CPU.Build.0 = Release|Any CPU
		{C96B30DA-9CB3-4295-A28D-76D0989EED52}.Debug|Any CPU.ActiveCfg = Debug|Any CPU
		{C96B30DA-9CB3-4295-A28D-76D0989EED52}.Debug|Any CPU.Build.0 = Debug|Any CPU
		{C96B30DA-9CB3-4295-A28D-76D0989EED52}.Release|Any CPU.ActiveCfg = Release|Any CPU
		{C96B30DA-9CB3-4295-A28D-76D0989EED52}.Release|Any CPU.Build.0 = Release|Any CPU
	EndGlobalSection
	GlobalSection(SolutionProperties) = preSolution
		HideSolutionNode = FALSE
	EndGlobalSection
	GlobalSection(ExtensibilityGlobals) = postSolution
		SolutionGuid = {F1E0F1E5-A087-4E25-A22B-F41B8860786A}
	EndGlobalSection
EndGlobal
