
Microsoft Visual Studio Solution File, Format Version 12.00
# Visual Studio Version 17
VisualStudioVersion = 17.8.34511.84
MinimumVisualStudioVersion = 10.0.40219.1
Project("{FAE04EC0-301F-11D3-BF4B-00C04F79EFBC}") = "StudentDetailsMultipleLayers.Business", "StudentDetailsMultipleLayers.Business\StudentDetailsMultipleLayers.Business.csproj", "{9172C069-A102-4A29-A55E-AE226FAAB25E}"
EndProject
Project("{FAE04EC0-301F-11D3-BF4B-00C04F79EFBC}") = "StudentDetailsMultipleLayers.DataAccess", "StudentDetailsMultipleLayers.DataAccess\StudentDetailsMultipleLayers.DataAccess.csproj", "{75FA6ACC-A2B1-40C5-AD4F-6119CAD4EDA2}"
EndProject
Project("{FAE04EC0-301F-11D3-BF4B-00C04F79EFBC}") = "StudentDetailsMultipleLayers.Util", "StudentDetailsMultipleLayers.Util\StudentDetailsMultipleLayers.Util.csproj", "{1A4979AA-02F5-4776-9F28-A6932233A251}"
EndProject
Project("{FAE04EC0-301F-11D3-BF4B-00C04F79EFBC}") = "StudentDetailsMultipleLayers.Model", "StudentDetailsMultipleLayers.Model\StudentDetailsMultipleLayers.Model.csproj", "{89EB349F-0E9C-4C00-AA68-13AFEEC4D6D7}"
EndProject
Project("{FAE04EC0-301F-11D3-BF4B-00C04F79EFBC}") = "StudentDetailsMultipleLayers.API", "StudentDetailsMultipleLayers.API\StudentDetailsMultipleLayers.API.csproj", "{67874844-BB0E-43AB-B645-18C4E6B77269}"
EndProject
Global
	GlobalSection(SolutionConfigurationPlatforms) = preSolution
		Debug|Any CPU = Debug|Any CPU
		Release|Any CPU = Release|Any CPU
	EndGlobalSection
	GlobalSection(ProjectConfigurationPlatforms) = postSolution
		{9172C069-A102-4A29-A55E-AE226FAAB25E}.Debug|Any CPU.ActiveCfg = Debug|Any CPU
		{9172C069-A102-4A29-A55E-AE226FAAB25E}.Debug|Any CPU.Build.0 = Debug|Any CPU
		{9172C069-A102-4A29-A55E-AE226FAAB25E}.Release|Any CPU.ActiveCfg = Release|Any CPU
		{9172C069-A102-4A29-A55E-AE226FAAB25E}.Release|Any CPU.Build.0 = Release|Any CPU
		{75FA6ACC-A2B1-40C5-AD4F-6119CAD4EDA2}.Debug|Any CPU.ActiveCfg = Debug|Any CPU
		{75FA6ACC-A2B1-40C5-AD4F-6119CAD4EDA2}.Debug|Any CPU.Build.0 = Debug|Any CPU
		{75FA6ACC-A2B1-40C5-AD4F-6119CAD4EDA2}.Release|Any CPU.ActiveCfg = Release|Any CPU
		{75FA6ACC-A2B1-40C5-AD4F-6119CAD4EDA2}.Release|Any CPU.Build.0 = Release|Any CPU
		{1A4979AA-02F5-4776-9F28-A6932233A251}.Debug|Any CPU.ActiveCfg = Debug|Any CPU
		{1A4979AA-02F5-4776-9F28-A6932233A251}.Debug|Any CPU.Build.0 = Debug|Any CPU
		{1A4979AA-02F5-4776-9F28-A6932233A251}.Release|Any CPU.ActiveCfg = Release|Any CPU
		{1A4979AA-02F5-4776-9F28-A6932233A251}.Release|Any CPU.Build.0 = Release|Any CPU
		{89EB349F-0E9C-4C00-AA68-13AFEEC4D6D7}.Debug|Any CPU.ActiveCfg = Debug|Any CPU
		{89EB349F-0E9C-4C00-AA68-13AFEEC4D6D7}.Debug|Any CPU.Build.0 = Debug|Any CPU
		{89EB349F-0E9C-4C00-AA68-13AFEEC4D6D7}.Release|Any CPU.ActiveCfg = Release|Any CPU
		{89EB349F-0E9C-4C00-AA68-13AFEEC4D6D7}.Release|Any CPU.Build.0 = Release|Any CPU
		{67874844-BB0E-43AB-B645-18C4E6B77269}.Debug|Any CPU.ActiveCfg = Debug|Any CPU
		{67874844-BB0E-43AB-B645-18C4E6B77269}.Debug|Any CPU.Build.0 = Debug|Any CPU
		{67874844-BB0E-43AB-B645-18C4E6B77269}.Release|Any CPU.ActiveCfg = Release|Any CPU
		{67874844-BB0E-43AB-B645-18C4E6B77269}.Release|Any CPU.Build.0 = Release|Any CPU
	EndGlobalSection
	GlobalSection(SolutionProperties) = preSolution
		HideSolutionNode = FALSE
	EndGlobalSection
	GlobalSection(ExtensibilityGlobals) = postSolution
		SolutionGuid = {D230F281-16CB-4793-8E2D-AE4136891A6A}
	EndGlobalSection
EndGlobal
