
Microsoft Visual Studio Solution File, Format Version 12.00
# Visual Studio Version 17
VisualStudioVersion = 17.8.34511.84
MinimumVisualStudioVersion = 10.0.40219.1
Project("{FAE04EC0-301F-11D3-BF4B-00C04F79EFBC}") = "Assignment_Generic_Extension_Function", "Assignment_Generic_Extension_Function\Assignment_Generic_Extension_Function.csproj", "{0415F34B-A3EE-4838-BCE0-BE9A2796CCFD}"
EndProject
Global
	GlobalSection(SolutionConfigurationPlatforms) = preSolution
		Debug|Any CPU = Debug|Any CPU
		Release|Any CPU = Release|Any CPU
	EndGlobalSection
	GlobalSection(ProjectConfigurationPlatforms) = postSolution
		{0415F34B-A3EE-4838-BCE0-BE9A2796CCFD}.Debug|Any CPU.ActiveCfg = Debug|Any CPU
		{0415F34B-A3EE-4838-BCE0-BE9A2796CCFD}.Debug|Any CPU.Build.0 = Debug|Any CPU
		{0415F34B-A3EE-4838-BCE0-BE9A2796CCFD}.Release|Any CPU.ActiveCfg = Release|Any CPU
		{0415F34B-A3EE-4838-BCE0-BE9A2796CCFD}.Release|Any CPU.Build.0 = Release|Any CPU
	EndGlobalSection
	GlobalSection(SolutionProperties) = preSolution
		HideSolutionNode = FALSE
	EndGlobalSection
	GlobalSection(ExtensibilityGlobals) = postSolution
		SolutionGuid = {18A84247-1094-4724-AB96-FFE4D5D80157}
	EndGlobalSection
EndGlobal
